
Microsoft Visual Studio Solution File, Format Version 12.00
# Visual Studio 15
Project("{FAE04EC0-301F-11D3-BF4B-00C04F79EFBC}") = "TapTheDot", "TapTheDot\TapTheDot.csproj", "{61599F01-5C56-4525-96A8-6CB9CC552D95}"
EndProject
Project("{FAE04EC0-301F-11D3-BF4B-00C04F79EFBC}") = "TapTheDot.Droid", "Droid\TapTheDot.Droid.csproj", "{64EC4B8B-EAE5-4EF4-B124-53704BB5F904}"
EndProject
Project("{FAE04EC0-301F-11D3-BF4B-00C04F79EFBC}") = "TapTheDot.iOS", "iOS\TapTheDot.iOS.csproj", "{FD9D7061-D041-4C41-8C1F-539BEC36B872}"
EndProject
Global
	GlobalSection(SolutionConfigurationPlatforms) = preSolution
		Debug|Any CPU = Debug|Any CPU
		Release|Any CPU = Release|Any CPU
		Debug|iPhoneSimulator = Debug|iPhoneSimulator
		Release|iPhone = Release|iPhone
		Release|iPhoneSimulator = Release|iPhoneSimulator
		Debug|iPhone = Debug|iPhone
	EndGlobalSection
	GlobalSection(ProjectConfigurationPlatforms) = postSolution
		{61599F01-5C56-4525-96A8-6CB9CC552D95}.Debug|Any CPU.ActiveCfg = Debug|Any CPU
		{61599F01-5C56-4525-96A8-6CB9CC552D95}.Debug|Any CPU.Build.0 = Debug|Any CPU
		{61599F01-5C56-4525-96A8-6CB9CC552D95}.Release|Any CPU.ActiveCfg = Release|Any CPU
		{61599F01-5C56-4525-96A8-6CB9CC552D95}.Release|Any CPU.Build.0 = Release|Any CPU
		{61599F01-5C56-4525-96A8-6CB9CC552D95}.Debug|iPhoneSimulator.ActiveCfg = Debug|Any CPU
		{61599F01-5C56-4525-96A8-6CB9CC552D95}.Debug|iPhoneSimulator.Build.0 = Debug|Any CPU
		{61599F01-5C56-4525-96A8-6CB9CC552D95}.Release|iPhone.ActiveCfg = Release|Any CPU
		{61599F01-5C56-4525-96A8-6CB9CC552D95}.Release|iPhone.Build.0 = Release|Any CPU
		{61599F01-5C56-4525-96A8-6CB9CC552D95}.Release|iPhoneSimulator.ActiveCfg = Release|Any CPU
		{61599F01-5C56-4525-96A8-6CB9CC552D95}.Release|iPhoneSimulator.Build.0 = Release|Any CPU
		{61599F01-5C56-4525-96A8-6CB9CC552D95}.Debug|iPhone.ActiveCfg = Debug|Any CPU
		{61599F01-5C56-4525-96A8-6CB9CC552D95}.Debug|iPhone.Build.0 = Debug|Any CPU
		{64EC4B8B-EAE5-4EF4-B124-53704BB5F904}.Debug|Any CPU.ActiveCfg = Debug|Any CPU
		{64EC4B8B-EAE5-4EF4-B124-53704BB5F904}.Debug|Any CPU.Build.0 = Debug|Any CPU
		{64EC4B8B-EAE5-4EF4-B124-53704BB5F904}.Release|Any CPU.ActiveCfg = Release|Any CPU
		{64EC4B8B-EAE5-4EF4-B124-53704BB5F904}.Release|Any CPU.Build.0 = Release|Any CPU
		{64EC4B8B-EAE5-4EF4-B124-53704BB5F904}.Debug|iPhoneSimulator.ActiveCfg = Debug|Any CPU
		{64EC4B8B-EAE5-4EF4-B124-53704BB5F904}.Debug|iPhoneSimulator.Build.0 = Debug|Any CPU
		{64EC4B8B-EAE5-4EF4-B124-53704BB5F904}.Release|iPhone.ActiveCfg = Release|Any CPU
		{64EC4B8B-EAE5-4EF4-B124-53704BB5F904}.Release|iPhone.Build.0 = Release|Any CPU
		{64EC4B8B-EAE5-4EF4-B124-53704BB5F904}.Release|iPhoneSimulator.ActiveCfg = Release|Any CPU
		{64EC4B8B-EAE5-4EF4-B124-53704BB5F904}.Release|iPhoneSimulator.Build.0 = Release|Any CPU
		{64EC4B8B-EAE5-4EF4-B124-53704BB5F904}.Debug|iPhone.ActiveCfg = Debug|Any CPU
		{64EC4B8B-EAE5-4EF4-B124-53704BB5F904}.Debug|iPhone.Build.0 = Debug|Any CPU
		{FD9D7061-D041-4C41-8C1F-539BEC36B872}.Debug|Any CPU.ActiveCfg = Debug|iPhoneSimulator
		{FD9D7061-D041-4C41-8C1F-539BEC36B872}.Debug|Any CPU.Build.0 = Debug|iPhoneSimulator
		{FD9D7061-D041-4C41-8C1F-539BEC36B872}.Release|Any CPU.ActiveCfg = Release|iPhone
		{FD9D7061-D041-4C41-8C1F-539BEC36B872}.Release|Any CPU.Build.0 = Release|iPhone
		{FD9D7061-D041-4C41-8C1F-539BEC36B872}.Debug|iPhoneSimulator.ActiveCfg = Debug|iPhoneSimulator
		{FD9D7061-D041-4C41-8C1F-539BEC36B872}.Debug|iPhoneSimulator.Build.0 = Debug|iPhoneSimulator
		{FD9D7061-D041-4C41-8C1F-539BEC36B872}.Release|iPhone.ActiveCfg = Release|iPhone
		{FD9D7061-D041-4C41-8C1F-539BEC36B872}.Release|iPhone.Build.0 = Release|iPhone
		{FD9D7061-D041-4C41-8C1F-539BEC36B872}.Release|iPhoneSimulator.ActiveCfg = Release|iPhoneSimulator
		{FD9D7061-D041-4C41-8C1F-539BEC36B872}.Release|iPhoneSimulator.Build.0 = Release|iPhoneSimulator
		{FD9D7061-D041-4C41-8C1F-539BEC36B872}.Debug|iPhone.ActiveCfg = Debug|iPhone
		{FD9D7061-D041-4C41-8C1F-539BEC36B872}.Debug|iPhone.Build.0 = Debug|iPhone
	EndGlobalSection
EndGlobal
