
Microsoft Visual Studio Solution File, Format Version 12.00
# Visual Studio 15
Project("{FAE04EC0-301F-11D3-BF4B-00C04F79EFBC}") = "TapTheDot", "TapTheDot\TapTheDot.csproj", "{F6EC999E-63E3-4C3E-82E7-D1FC4998B3FD}"
EndProject
Project("{FAE04EC0-301F-11D3-BF4B-00C04F79EFBC}") = "TapTheDot.Android", "TapTheDot.Android\TapTheDot.Android.csproj", "{36CF8447-0463-4508-B3FB-D1F47CFEBB16}"
EndProject
Project("{FAE04EC0-301F-11D3-BF4B-00C04F79EFBC}") = "TapTheDot.iOS", "TapTheDot.iOS\TapTheDot.iOS.csproj", "{988DA5F8-E02A-4CA6-BF4A-99F99E0FD950}"
EndProject
Global
	GlobalSection(SolutionConfigurationPlatforms) = preSolution
		Debug|Any CPU = Debug|Any CPU
		Release|Any CPU = Release|Any CPU
		Debug|iPhoneSimulator = Debug|iPhoneSimulator
		Release|iPhoneSimulator = Release|iPhoneSimulator
		Debug|iPhone = Debug|iPhone
		Release|iPhone = Release|iPhone
	EndGlobalSection
	GlobalSection(ProjectConfigurationPlatforms) = postSolution
		{F6EC999E-63E3-4C3E-82E7-D1FC4998B3FD}.Debug|Any CPU.ActiveCfg = Debug|Any CPU
		{F6EC999E-63E3-4C3E-82E7-D1FC4998B3FD}.Debug|Any CPU.Build.0 = Debug|Any CPU
		{F6EC999E-63E3-4C3E-82E7-D1FC4998B3FD}.Release|Any CPU.ActiveCfg = Release|Any CPU
		{F6EC999E-63E3-4C3E-82E7-D1FC4998B3FD}.Release|Any CPU.Build.0 = Release|Any CPU
		{F6EC999E-63E3-4C3E-82E7-D1FC4998B3FD}.Debug|iPhoneSimulator.ActiveCfg = Debug|Any CPU
		{F6EC999E-63E3-4C3E-82E7-D1FC4998B3FD}.Debug|iPhoneSimulator.Build.0 = Debug|Any CPU
		{F6EC999E-63E3-4C3E-82E7-D1FC4998B3FD}.Release|iPhoneSimulator.ActiveCfg = Release|Any CPU
		{F6EC999E-63E3-4C3E-82E7-D1FC4998B3FD}.Release|iPhoneSimulator.Build.0 = Release|Any CPU
		{F6EC999E-63E3-4C3E-82E7-D1FC4998B3FD}.Debug|iPhone.ActiveCfg = Debug|Any CPU
		{F6EC999E-63E3-4C3E-82E7-D1FC4998B3FD}.Debug|iPhone.Build.0 = Debug|Any CPU
		{F6EC999E-63E3-4C3E-82E7-D1FC4998B3FD}.Release|iPhone.ActiveCfg = Release|Any CPU
		{F6EC999E-63E3-4C3E-82E7-D1FC4998B3FD}.Release|iPhone.Build.0 = Release|Any CPU
		{36CF8447-0463-4508-B3FB-D1F47CFEBB16}.Debug|Any CPU.ActiveCfg = Debug|Any CPU
		{36CF8447-0463-4508-B3FB-D1F47CFEBB16}.Debug|Any CPU.Build.0 = Debug|Any CPU
		{36CF8447-0463-4508-B3FB-D1F47CFEBB16}.Release|Any CPU.ActiveCfg = Release|Any CPU
		{36CF8447-0463-4508-B3FB-D1F47CFEBB16}.Release|Any CPU.Build.0 = Release|Any CPU
		{36CF8447-0463-4508-B3FB-D1F47CFEBB16}.Debug|iPhoneSimulator.ActiveCfg = Debug|Any CPU
		{36CF8447-0463-4508-B3FB-D1F47CFEBB16}.Debug|iPhoneSimulator.Build.0 = Debug|Any CPU
		{36CF8447-0463-4508-B3FB-D1F47CFEBB16}.Release|iPhoneSimulator.ActiveCfg = Release|Any CPU
		{36CF8447-0463-4508-B3FB-D1F47CFEBB16}.Release|iPhoneSimulator.Build.0 = Release|Any CPU
		{36CF8447-0463-4508-B3FB-D1F47CFEBB16}.Debug|iPhone.ActiveCfg = Debug|Any CPU
		{36CF8447-0463-4508-B3FB-D1F47CFEBB16}.Debug|iPhone.Build.0 = Debug|Any CPU
		{36CF8447-0463-4508-B3FB-D1F47CFEBB16}.Release|iPhone.ActiveCfg = Release|Any CPU
		{36CF8447-0463-4508-B3FB-D1F47CFEBB16}.Release|iPhone.Build.0 = Release|Any CPU
		{988DA5F8-E02A-4CA6-BF4A-99F99E0FD950}.Debug|Any CPU.ActiveCfg = Debug|iPhoneSimulator
		{988DA5F8-E02A-4CA6-BF4A-99F99E0FD950}.Debug|Any CPU.Build.0 = Debug|iPhoneSimulator
		{988DA5F8-E02A-4CA6-BF4A-99F99E0FD950}.Release|Any CPU.ActiveCfg = Release|iPhoneSimulator
		{988DA5F8-E02A-4CA6-BF4A-99F99E0FD950}.Release|Any CPU.Build.0 = Release|iPhoneSimulator
		{988DA5F8-E02A-4CA6-BF4A-99F99E0FD950}.Debug|iPhoneSimulator.ActiveCfg = Debug|iPhoneSimulator
		{988DA5F8-E02A-4CA6-BF4A-99F99E0FD950}.Debug|iPhoneSimulator.Build.0 = Debug|iPhoneSimulator
		{988DA5F8-E02A-4CA6-BF4A-99F99E0FD950}.Release|iPhoneSimulator.ActiveCfg = Release|iPhoneSimulator
		{988DA5F8-E02A-4CA6-BF4A-99F99E0FD950}.Release|iPhoneSimulator.Build.0 = Release|iPhoneSimulator
		{988DA5F8-E02A-4CA6-BF4A-99F99E0FD950}.Debug|iPhone.ActiveCfg = Debug|iPhone
		{988DA5F8-E02A-4CA6-BF4A-99F99E0FD950}.Debug|iPhone.Build.0 = Debug|iPhone
		{988DA5F8-E02A-4CA6-BF4A-99F99E0FD950}.Release|iPhone.ActiveCfg = Release|iPhone
		{988DA5F8-E02A-4CA6-BF4A-99F99E0FD950}.Release|iPhone.Build.0 = Release|iPhone
	EndGlobalSection
EndGlobal
